
Microsoft Visual Studio Solution File, Format Version 12.00
# Visual Studio 15
VisualStudioVersion = 15.0.28307.489
MinimumVisualStudioVersion = 10.0.40219.1
Project("{888888A0-9F3D-457C-B088-3A5042F75D52}") = "initions", "initions\initions.pyproj", "{291C5BC9-9366-42E9-BD26-3018142FD905}"
EndProject
Global
	GlobalSection(SolutionConfigurationPlatforms) = preSolution
		Debug|Any CPU = Debug|Any CPU
		Release|Any CPU = Release|Any CPU
	EndGlobalSection
	GlobalSection(ProjectConfigurationPlatforms) = postSolution
		{291C5BC9-9366-42E9-BD26-3018142FD905}.Debug|Any CPU.ActiveCfg = Debug|Any CPU
		{291C5BC9-9366-42E9-BD26-3018142FD905}.Release|Any CPU.ActiveCfg = Release|Any CPU
	EndGlobalSection
	GlobalSection(SolutionProperties) = preSolution
		HideSolutionNode = FALSE
	EndGlobalSection
	GlobalSection(ExtensibilityGlobals) = postSolution
		SolutionGuid = {C3726108-8969-47A6-A3CF-3338AC595DDC}
	EndGlobalSection
EndGlobal
